
Microsoft Visual Studio Solution File, Format Version 12.00
# Visual Studio Version 17
VisualStudioVersion = 17.0.31903.59
MinimumVisualStudioVersion = 10.0.40219.1
Project("{2150E333-8FDC-42A3-9474-1A3956D46DE8}") = "src", "src", "{827E0CD3-B72D-47B6-A68D-7590B98EB39B}"
EndProject
Project("{2150E333-8FDC-42A3-9474-1A3956D46DE8}") = "OrderService", "OrderService", "{D5064FC8-1F49-54B6-E1C8-B23A6140528A}"
EndProject
Project("{FAE04EC0-301F-11D3-BF4B-00C04F79EFBC}") = "OrderService.Domain", "src\OrderService\OrderService.Domain\OrderService.Domain.csproj", "{6208017C-5CC3-456F-B36C-6FDAA606AEEA}"
EndProject
Project("{FAE04EC0-301F-11D3-BF4B-00C04F79EFBC}") = "OrderService.Application", "src\OrderService\OrderService.Application\OrderService.Application.csproj", "{C4AB80F8-08D6-447D-BDEA-1777334F3BA2}"
EndProject
Project("{FAE04EC0-301F-11D3-BF4B-00C04F79EFBC}") = "OrderService.Infrastructure", "src\OrderService\OrderService.Infrastructure\OrderService.Infrastructure.csproj", "{776E0692-023B-4F58-BA44-F66D437CEEAE}"
EndProject
Project("{FAE04EC0-301F-11D3-BF4B-00C04F79EFBC}") = "OrderService.API", "src\OrderService\OrderService.API\OrderService.API.csproj", "{2E9C54EC-F533-492D-8693-583F007520FF}"
EndProject
Project("{2150E333-8FDC-42A3-9474-1A3956D46DE8}") = "PaymentService", "PaymentService", "{A0C94347-73E4-1EE9-412B-13A38E3B0A6F}"
EndProject
Project("{2150E333-8FDC-42A3-9474-1A3956D46DE8}") = "ProductService", "ProductService", "{E5064FC8-2F49-64B6-F1C8-C23A7150638B}"
EndProject
Project("{FAE04EC0-301F-11D3-BF4B-00C04F79EFBC}") = "ProductService.Domain", "src\ProductService\ProductService.Domain\ProductService.Domain.csproj", "{7308017C-6CC3-567F-C47C-7FDAA707BFFB}"
EndProject
Project("{FAE04EC0-301F-11D3-BF4B-00C04F79EFBC}") = "ProductService.Application", "src\ProductService\ProductService.Application\ProductService.Application.csproj", "{D5AB80F8-19D6-558D-CEFA-2888445F4CB3}"
EndProject
Project("{FAE04EC0-301F-11D3-BF4B-00C04F79EFBC}") = "ProductService.Infrastructure", "src\ProductService\ProductService.Infrastructure\ProductService.Infrastructure.csproj", "{886E0692-134B-5F68-CB55-F77D548DFFBF}"
EndProject
Project("{FAE04EC0-301F-11D3-BF4B-00C04F79EFBC}") = "ProductService.API", "src\ProductService\ProductService.API\ProductService.API.csproj", "{3F9C54EC-F644-603D-9804-694F118631FF}"
EndProject
Project("{FAE04EC0-301F-11D3-BF4B-00C04F79EFBC}") = "PaymentService.Domain", "src\PaymentService\PaymentService.Domain\PaymentService.Domain.csproj", "{3B8DCDED-CBA0-4667-8831-76A1CD0A2992}"
EndProject
Project("{FAE04EC0-301F-11D3-BF4B-00C04F79EFBC}") = "PaymentService.Application", "src\PaymentService\PaymentService.Application\PaymentService.Application.csproj", "{A18DDE04-EDF9-4240-A116-028F48A76061}"
EndProject
Project("{FAE04EC0-301F-11D3-BF4B-00C04F79EFBC}") = "PaymentService.Infrastructure", "src\PaymentService\PaymentService.Infrastructure\PaymentService.Infrastructure.csproj", "{9192F275-90EC-451F-873D-465EC4C2867C}"
EndProject
Project("{FAE04EC0-301F-11D3-BF4B-00C04F79EFBC}") = "PaymentService.API", "src\PaymentService\PaymentService.API\PaymentService.API.csproj", "{FF9CA3F8-7FB5-4620-A030-9681B3F72778}"
EndProject
Project("{2150E333-8FDC-42A3-9474-1A3956D46DE8}") = "tests", "tests", "{0AB3BF05-4346-4AA6-1389-037BE0695223}"
EndProject
Project("{FAE04EC0-301F-11D3-BF4B-00C04F79EFBC}") = "OrderService.Tests", "tests\OrderService.Tests\OrderService.Tests.csproj", "{14FFC8EE-7C64-4316-B32C-ABF1381B97E5}"
EndProject
Project("{FAE04EC0-301F-11D3-BF4B-00C04F79EFBC}") = "PaymentService.Tests", "tests\PaymentService.Tests\PaymentService.Tests.csproj", "{DC8071BE-B44E-41FD-B9DA-C2C89A42E262}"
EndProject
Project("{2150E333-8FDC-42A3-9474-1A3956D46DE8}") = "Shared", "Shared", "{B1234567-89AB-CDEF-0123-456789ABCDEF}"
EndProject
Project("{FAE04EC0-301F-11D3-BF4B-00C04F79EFBC}") = "Observability", "src\Shared\Observability\Observability.csproj", "{C2345678-90AB-CDEF-0123-456789ABCDEF}"
EndProject
Project("{2150E333-8FDC-42A3-9474-1A3956D46DE8}") = "Solution Items", "Solution Items", "{F8A5E8B1-1234-5678-9ABC-DEF012345678}"
	ProjectSection(SolutionItems) = preProject
		docker-compose.yml = docker-compose.yml
		docker-compose.development.yml = docker-compose.development.yml
		docker-compose.observability.yml = docker-compose.observability.yml
		README.md = README.md
		README-Observability.md = README-Observability.md
		.dockerignore = .dockerignore
	EndProjectSection
EndProject
Global
	GlobalSection(SolutionConfigurationPlatforms) = preSolution
		Debug|Any CPU = Debug|Any CPU
		Debug|x64 = Debug|x64
		Debug|x86 = Debug|x86
		Release|Any CPU = Release|Any CPU
		Release|x64 = Release|x64
		Release|x86 = Release|x86
	EndGlobalSection
	GlobalSection(ProjectConfigurationPlatforms) = postSolution
		{6208017C-5CC3-456F-B36C-6FDAA606AEEA}.Debug|Any CPU.ActiveCfg = Debug|Any CPU
		{6208017C-5CC3-456F-B36C-6FDAA606AEEA}.Debug|Any CPU.Build.0 = Debug|Any CPU
		{6208017C-5CC3-456F-B36C-6FDAA606AEEA}.Debug|x64.ActiveCfg = Debug|Any CPU
		{6208017C-5CC3-456F-B36C-6FDAA606AEEA}.Debug|x64.Build.0 = Debug|Any CPU
		{6208017C-5CC3-456F-B36C-6FDAA606AEEA}.Debug|x86.ActiveCfg = Debug|Any CPU
		{6208017C-5CC3-456F-B36C-6FDAA606AEEA}.Debug|x86.Build.0 = Debug|Any CPU
		{6208017C-5CC3-456F-B36C-6FDAA606AEEA}.Release|Any CPU.ActiveCfg = Release|Any CPU
		{6208017C-5CC3-456F-B36C-6FDAA606AEEA}.Release|Any CPU.Build.0 = Release|Any CPU
		{6208017C-5CC3-456F-B36C-6FDAA606AEEA}.Release|x64.ActiveCfg = Release|Any CPU
		{6208017C-5CC3-456F-B36C-6FDAA606AEEA}.Release|x64.Build.0 = Release|Any CPU
		{6208017C-5CC3-456F-B36C-6FDAA606AEEA}.Release|x86.ActiveCfg = Release|Any CPU
		{6208017C-5CC3-456F-B36C-6FDAA606AEEA}.Release|x86.Build.0 = Release|Any CPU
		{C4AB80F8-08D6-447D-BDEA-1777334F3BA2}.Debug|Any CPU.ActiveCfg = Debug|Any CPU
		{C4AB80F8-08D6-447D-BDEA-1777334F3BA2}.Debug|Any CPU.Build.0 = Debug|Any CPU
		{C4AB80F8-08D6-447D-BDEA-1777334F3BA2}.Debug|x64.ActiveCfg = Debug|Any CPU
		{C4AB80F8-08D6-447D-BDEA-1777334F3BA2}.Debug|x64.Build.0 = Debug|Any CPU
		{C4AB80F8-08D6-447D-BDEA-1777334F3BA2}.Debug|x86.ActiveCfg = Debug|Any CPU
		{C4AB80F8-08D6-447D-BDEA-1777334F3BA2}.Debug|x86.Build.0 = Debug|Any CPU
		{C4AB80F8-08D6-447D-BDEA-1777334F3BA2}.Release|Any CPU.ActiveCfg = Release|Any CPU
		{C4AB80F8-08D6-447D-BDEA-1777334F3BA2}.Release|Any CPU.Build.0 = Release|Any CPU
		{C4AB80F8-08D6-447D-BDEA-1777334F3BA2}.Release|x64.ActiveCfg = Release|Any CPU
		{C4AB80F8-08D6-447D-BDEA-1777334F3BA2}.Release|x64.Build.0 = Release|Any CPU
		{C4AB80F8-08D6-447D-BDEA-1777334F3BA2}.Release|x86.ActiveCfg = Release|Any CPU
		{C4AB80F8-08D6-447D-BDEA-1777334F3BA2}.Release|x86.Build.0 = Release|Any CPU
		{776E0692-023B-4F58-BA44-F66D437CEEAE}.Debug|Any CPU.ActiveCfg = Debug|Any CPU
		{776E0692-023B-4F58-BA44-F66D437CEEAE}.Debug|Any CPU.Build.0 = Debug|Any CPU
		{776E0692-023B-4F58-BA44-F66D437CEEAE}.Debug|x64.ActiveCfg = Debug|Any CPU
		{776E0692-023B-4F58-BA44-F66D437CEEAE}.Debug|x64.Build.0 = Debug|Any CPU
		{776E0692-023B-4F58-BA44-F66D437CEEAE}.Debug|x86.ActiveCfg = Debug|Any CPU
		{776E0692-023B-4F58-BA44-F66D437CEEAE}.Debug|x86.Build.0 = Debug|Any CPU
		{776E0692-023B-4F58-BA44-F66D437CEEAE}.Release|Any CPU.ActiveCfg = Release|Any CPU
		{776E0692-023B-4F58-BA44-F66D437CEEAE}.Release|Any CPU.Build.0 = Release|Any CPU
		{776E0692-023B-4F58-BA44-F66D437CEEAE}.Release|x64.ActiveCfg = Release|Any CPU
		{776E0692-023B-4F58-BA44-F66D437CEEAE}.Release|x64.Build.0 = Release|Any CPU
		{776E0692-023B-4F58-BA44-F66D437CEEAE}.Release|x86.ActiveCfg = Release|Any CPU
		{776E0692-023B-4F58-BA44-F66D437CEEAE}.Release|x86.Build.0 = Release|Any CPU
		{2E9C54EC-F533-492D-8693-583F007520FF}.Debug|Any CPU.ActiveCfg = Debug|Any CPU
		{2E9C54EC-F533-492D-8693-583F007520FF}.Debug|Any CPU.Build.0 = Debug|Any CPU
		{2E9C54EC-F533-492D-8693-583F007520FF}.Debug|x64.ActiveCfg = Debug|Any CPU
		{2E9C54EC-F533-492D-8693-583F007520FF}.Debug|x64.Build.0 = Debug|Any CPU
		{2E9C54EC-F533-492D-8693-583F007520FF}.Debug|x86.ActiveCfg = Debug|Any CPU
		{2E9C54EC-F533-492D-8693-583F007520FF}.Debug|x86.Build.0 = Debug|Any CPU
		{2E9C54EC-F533-492D-8693-583F007520FF}.Release|Any CPU.ActiveCfg = Release|Any CPU
		{2E9C54EC-F533-492D-8693-583F007520FF}.Release|Any CPU.Build.0 = Release|Any CPU
		{2E9C54EC-F533-492D-8693-583F007520FF}.Release|x64.ActiveCfg = Release|Any CPU
		{2E9C54EC-F533-492D-8693-583F007520FF}.Release|x64.Build.0 = Release|Any CPU
		{2E9C54EC-F533-492D-8693-583F007520FF}.Release|x86.ActiveCfg = Release|Any CPU
		{2E9C54EC-F533-492D-8693-583F007520FF}.Release|x86.Build.0 = Release|Any CPU
		{3B8DCDED-CBA0-4667-8831-76A1CD0A2992}.Debug|Any CPU.ActiveCfg = Debug|Any CPU
		{3B8DCDED-CBA0-4667-8831-76A1CD0A2992}.Debug|Any CPU.Build.0 = Debug|Any CPU
		{3B8DCDED-CBA0-4667-8831-76A1CD0A2992}.Debug|x64.ActiveCfg = Debug|Any CPU
		{3B8DCDED-CBA0-4667-8831-76A1CD0A2992}.Debug|x64.Build.0 = Debug|Any CPU
		{3B8DCDED-CBA0-4667-8831-76A1CD0A2992}.Debug|x86.ActiveCfg = Debug|Any CPU
		{3B8DCDED-CBA0-4667-8831-76A1CD0A2992}.Debug|x86.Build.0 = Debug|Any CPU
		{3B8DCDED-CBA0-4667-8831-76A1CD0A2992}.Release|Any CPU.ActiveCfg = Release|Any CPU
		{3B8DCDED-CBA0-4667-8831-76A1CD0A2992}.Release|Any CPU.Build.0 = Release|Any CPU
		{3B8DCDED-CBA0-4667-8831-76A1CD0A2992}.Release|x64.ActiveCfg = Release|Any CPU
		{3B8DCDED-CBA0-4667-8831-76A1CD0A2992}.Release|x64.Build.0 = Release|Any CPU
		{3B8DCDED-CBA0-4667-8831-76A1CD0A2992}.Release|x86.ActiveCfg = Release|Any CPU
		{3B8DCDED-CBA0-4667-8831-76A1CD0A2992}.Release|x86.Build.0 = Release|Any CPU
		{A18DDE04-EDF9-4240-A116-028F48A76061}.Debug|Any CPU.ActiveCfg = Debug|Any CPU
		{A18DDE04-EDF9-4240-A116-028F48A76061}.Debug|Any CPU.Build.0 = Debug|Any CPU
		{A18DDE04-EDF9-4240-A116-028F48A76061}.Debug|x64.ActiveCfg = Debug|Any CPU
		{A18DDE04-EDF9-4240-A116-028F48A76061}.Debug|x64.Build.0 = Debug|Any CPU
		{A18DDE04-EDF9-4240-A116-028F48A76061}.Debug|x86.ActiveCfg = Debug|Any CPU
		{A18DDE04-EDF9-4240-A116-028F48A76061}.Debug|x86.Build.0 = Debug|Any CPU
		{A18DDE04-EDF9-4240-A116-028F48A76061}.Release|Any CPU.ActiveCfg = Release|Any CPU
		{A18DDE04-EDF9-4240-A116-028F48A76061}.Release|Any CPU.Build.0 = Release|Any CPU
		{A18DDE04-EDF9-4240-A116-028F48A76061}.Release|x64.ActiveCfg = Release|Any CPU
		{A18DDE04-EDF9-4240-A116-028F48A76061}.Release|x64.Build.0 = Release|Any CPU
		{A18DDE04-EDF9-4240-A116-028F48A76061}.Release|x86.ActiveCfg = Release|Any CPU
		{A18DDE04-EDF9-4240-A116-028F48A76061}.Release|x86.Build.0 = Release|Any CPU
		{9192F275-90EC-451F-873D-465EC4C2867C}.Debug|Any CPU.ActiveCfg = Debug|Any CPU
		{9192F275-90EC-451F-873D-465EC4C2867C}.Debug|Any CPU.Build.0 = Debug|Any CPU
		{9192F275-90EC-451F-873D-465EC4C2867C}.Debug|x64.ActiveCfg = Debug|Any CPU
		{9192F275-90EC-451F-873D-465EC4C2867C}.Debug|x64.Build.0 = Debug|Any CPU
		{9192F275-90EC-451F-873D-465EC4C2867C}.Debug|x86.ActiveCfg = Debug|Any CPU
		{9192F275-90EC-451F-873D-465EC4C2867C}.Debug|x86.Build.0 = Debug|Any CPU
		{9192F275-90EC-451F-873D-465EC4C2867C}.Release|Any CPU.ActiveCfg = Release|Any CPU
		{9192F275-90EC-451F-873D-465EC4C2867C}.Release|Any CPU.Build.0 = Release|Any CPU
		{9192F275-90EC-451F-873D-465EC4C2867C}.Release|x64.ActiveCfg = Release|Any CPU
		{9192F275-90EC-451F-873D-465EC4C2867C}.Release|x64.Build.0 = Release|Any CPU
		{9192F275-90EC-451F-873D-465EC4C2867C}.Release|x86.ActiveCfg = Release|Any CPU
		{9192F275-90EC-451F-873D-465EC4C2867C}.Release|x86.Build.0 = Release|Any CPU
		{FF9CA3F8-7FB5-4620-A030-9681B3F72778}.Debug|Any CPU.ActiveCfg = Debug|Any CPU
		{FF9CA3F8-7FB5-4620-A030-9681B3F72778}.Debug|Any CPU.Build.0 = Debug|Any CPU
		{FF9CA3F8-7FB5-4620-A030-9681B3F72778}.Debug|x64.ActiveCfg = Debug|Any CPU
		{FF9CA3F8-7FB5-4620-A030-9681B3F72778}.Debug|x64.Build.0 = Debug|Any CPU
		{FF9CA3F8-7FB5-4620-A030-9681B3F72778}.Debug|x86.ActiveCfg = Debug|Any CPU
		{FF9CA3F8-7FB5-4620-A030-9681B3F72778}.Debug|x86.Build.0 = Debug|Any CPU
		{FF9CA3F8-7FB5-4620-A030-9681B3F72778}.Release|Any CPU.ActiveCfg = Release|Any CPU
		{FF9CA3F8-7FB5-4620-A030-9681B3F72778}.Release|Any CPU.Build.0 = Release|Any CPU
		{FF9CA3F8-7FB5-4620-A030-9681B3F72778}.Release|x64.ActiveCfg = Release|Any CPU
		{FF9CA3F8-7FB5-4620-A030-9681B3F72778}.Release|x64.Build.0 = Release|Any CPU
		{FF9CA3F8-7FB5-4620-A030-9681B3F72778}.Release|x86.ActiveCfg = Release|Any CPU
		{FF9CA3F8-7FB5-4620-A030-9681B3F72778}.Release|x86.Build.0 = Release|Any CPU
		{14FFC8EE-7C64-4316-B32C-ABF1381B97E5}.Debug|Any CPU.ActiveCfg = Debug|Any CPU
		{14FFC8EE-7C64-4316-B32C-ABF1381B97E5}.Debug|Any CPU.Build.0 = Debug|Any CPU
		{14FFC8EE-7C64-4316-B32C-ABF1381B97E5}.Debug|x64.ActiveCfg = Debug|Any CPU
		{14FFC8EE-7C64-4316-B32C-ABF1381B97E5}.Debug|x64.Build.0 = Debug|Any CPU
		{14FFC8EE-7C64-4316-B32C-ABF1381B97E5}.Debug|x86.ActiveCfg = Debug|Any CPU
		{14FFC8EE-7C64-4316-B32C-ABF1381B97E5}.Debug|x86.Build.0 = Debug|Any CPU
		{14FFC8EE-7C64-4316-B32C-ABF1381B97E5}.Release|Any CPU.ActiveCfg = Release|Any CPU
		{14FFC8EE-7C64-4316-B32C-ABF1381B97E5}.Release|Any CPU.Build.0 = Release|Any CPU
		{14FFC8EE-7C64-4316-B32C-ABF1381B97E5}.Release|x64.ActiveCfg = Release|Any CPU
		{14FFC8EE-7C64-4316-B32C-ABF1381B97E5}.Release|x64.Build.0 = Release|Any CPU
		{14FFC8EE-7C64-4316-B32C-ABF1381B97E5}.Release|x86.ActiveCfg = Release|Any CPU
		{14FFC8EE-7C64-4316-B32C-ABF1381B97E5}.Release|x86.Build.0 = Release|Any CPU
		{DC8071BE-B44E-41FD-B9DA-C2C89A42E262}.Debug|Any CPU.ActiveCfg = Debug|Any CPU
		{DC8071BE-B44E-41FD-B9DA-C2C89A42E262}.Debug|Any CPU.Build.0 = Debug|Any CPU
		{DC8071BE-B44E-41FD-B9DA-C2C89A42E262}.Debug|x64.ActiveCfg = Debug|Any CPU
		{DC8071BE-B44E-41FD-B9DA-C2C89A42E262}.Debug|x64.Build.0 = Debug|Any CPU
		{DC8071BE-B44E-41FD-B9DA-C2C89A42E262}.Debug|x86.ActiveCfg = Debug|Any CPU
		{DC8071BE-B44E-41FD-B9DA-C2C89A42E262}.Debug|x86.Build.0 = Debug|Any CPU
		{DC8071BE-B44E-41FD-B9DA-C2C89A42E262}.Release|Any CPU.ActiveCfg = Release|Any CPU
		{DC8071BE-B44E-41FD-B9DA-C2C89A42E262}.Release|Any CPU.Build.0 = Release|Any CPU
		{DC8071BE-B44E-41FD-B9DA-C2C89A42E262}.Release|x64.ActiveCfg = Release|Any CPU
		{DC8071BE-B44E-41FD-B9DA-C2C89A42E262}.Release|x64.Build.0 = Release|Any CPU
		{DC8071BE-B44E-41FD-B9DA-C2C89A42E262}.Release|x86.ActiveCfg = Release|Any CPU
		{DC8071BE-B44E-41FD-B9DA-C2C89A42E262}.Release|x86.Build.0 = Release|Any CPU
		{C2345678-90AB-CDEF-0123-456789ABCDEF}.Debug|Any CPU.ActiveCfg = Debug|Any CPU
		{C2345678-90AB-CDEF-0123-456789ABCDEF}.Debug|Any CPU.Build.0 = Debug|Any CPU
		{C2345678-90AB-CDEF-0123-456789ABCDEF}.Release|Any CPU.ActiveCfg = Release|Any CPU
		{C2345678-90AB-CDEF-0123-456789ABCDEF}.Release|Any CPU.Build.0 = Release|Any CPU
		{7308017C-6CC3-567F-C47C-7FDAA707BFFB}.Debug|Any CPU.ActiveCfg = Debug|Any CPU
		{7308017C-6CC3-567F-C47C-7FDAA707BFFB}.Debug|Any CPU.Build.0 = Debug|Any CPU
		{7308017C-6CC3-567F-C47C-7FDAA707BFFB}.Release|Any CPU.ActiveCfg = Release|Any CPU
		{7308017C-6CC3-567F-C47C-7FDAA707BFFB}.Release|Any CPU.Build.0 = Release|Any CPU
		{D5AB80F8-19D6-558D-CEFA-2888445F4CB3}.Debug|Any CPU.ActiveCfg = Debug|Any CPU
		{D5AB80F8-19D6-558D-CEFA-2888445F4CB3}.Debug|Any CPU.Build.0 = Debug|Any CPU
		{D5AB80F8-19D6-558D-CEFA-2888445F4CB3}.Release|Any CPU.ActiveCfg = Release|Any CPU
		{D5AB80F8-19D6-558D-CEFA-2888445F4CB3}.Release|Any CPU.Build.0 = Release|Any CPU
		{886E0692-134B-5F68-CB55-F77D548DFFBF}.Debug|Any CPU.ActiveCfg = Debug|Any CPU
		{886E0692-134B-5F68-CB55-F77D548DFFBF}.Debug|Any CPU.Build.0 = Debug|Any CPU
		{886E0692-134B-5F68-CB55-F77D548DFFBF}.Release|Any CPU.ActiveCfg = Release|Any CPU
		{886E0692-134B-5F68-CB55-F77D548DFFBF}.Release|Any CPU.Build.0 = Release|Any CPU
		{3F9C54EC-F644-603D-9804-694F118631FF}.Debug|Any CPU.ActiveCfg = Debug|Any CPU
		{3F9C54EC-F644-603D-9804-694F118631FF}.Debug|Any CPU.Build.0 = Debug|Any CPU
		{3F9C54EC-F644-603D-9804-694F118631FF}.Release|Any CPU.ActiveCfg = Release|Any CPU
		{3F9C54EC-F644-603D-9804-694F118631FF}.Release|Any CPU.Build.0 = Release|Any CPU
	EndGlobalSection
	GlobalSection(SolutionProperties) = preSolution
		HideSolutionNode = FALSE
	EndGlobalSection
	GlobalSection(NestedProjects) = preSolution
		{D5064FC8-1F49-54B6-E1C8-B23A6140528A} = {827E0CD3-B72D-47B6-A68D-7590B98EB39B}
		{6208017C-5CC3-456F-B36C-6FDAA606AEEA} = {D5064FC8-1F49-54B6-E1C8-B23A6140528A}
		{C4AB80F8-08D6-447D-BDEA-1777334F3BA2} = {D5064FC8-1F49-54B6-E1C8-B23A6140528A}
		{776E0692-023B-4F58-BA44-F66D437CEEAE} = {D5064FC8-1F49-54B6-E1C8-B23A6140528A}
		{2E9C54EC-F533-492D-8693-583F007520FF} = {D5064FC8-1F49-54B6-E1C8-B23A6140528A}
		{A0C94347-73E4-1EE9-412B-13A38E3B0A6F} = {827E0CD3-B72D-47B6-A68D-7590B98EB39B}
		{3B8DCDED-CBA0-4667-8831-76A1CD0A2992} = {A0C94347-73E4-1EE9-412B-13A38E3B0A6F}
		{A18DDE04-EDF9-4240-A116-028F48A76061} = {A0C94347-73E4-1EE9-412B-13A38E3B0A6F}
		{9192F275-90EC-451F-873D-465EC4C2867C} = {A0C94347-73E4-1EE9-412B-13A38E3B0A6F}
		{FF9CA3F8-7FB5-4620-A030-9681B3F72778} = {A0C94347-73E4-1EE9-412B-13A38E3B0A6F}
		{14FFC8EE-7C64-4316-B32C-ABF1381B97E5} = {0AB3BF05-4346-4AA6-1389-037BE0695223}
		{DC8071BE-B44E-41FD-B9DA-C2C89A42E262} = {0AB3BF05-4346-4AA6-1389-037BE0695223}
		{B1234567-89AB-CDEF-0123-456789ABCDEF} = {827E0CD3-B72D-47B6-A68D-7590B98EB39B}
		{C2345678-90AB-CDEF-0123-456789ABCDEF} = {B1234567-89AB-CDEF-0123-456789ABCDEF}
		{E5064FC8-2F49-64B6-F1C8-C23A7150638B} = {827E0CD3-B72D-47B6-A68D-7590B98EB39B}
		{7308017C-6CC3-567F-C47C-7FDAA707BFFB} = {E5064FC8-2F49-64B6-F1C8-C23A7150638B}
		{D5AB80F8-19D6-558D-CEFA-2888445F4CB3} = {E5064FC8-2F49-64B6-F1C8-C23A7150638B}
		{886E0692-134B-5F68-CB55-F77D548DFFBF} = {E5064FC8-2F49-64B6-F1C8-C23A7150638B}
		{3F9C54EC-F644-603D-9804-694F118631FF} = {E5064FC8-2F49-64B6-F1C8-C23A7150638B}
	EndGlobalSection
EndGlobal
